
Microsoft Visual Studio Solution File, Format Version 12.00
# Visual Studio 14
VisualStudioVersion = 14.0.25420.1
MinimumVisualStudioVersion = 10.0.40219.1
Project("{FAE04EC0-301F-11D3-BF4B-00C04F79EFBC}") = "ExoPwAm", "ExoPwAm\ExoPwAm.csproj", "{8CDA53EC-6EDF-4213-BAB3-7092F75ED9DC}"
EndProject
Project("{FAE04EC0-301F-11D3-BF4B-00C04F79EFBC}") = "ExoPwAmTests", "ExoPwAmTests\ExoPwAmTests.csproj", "{2ABD4E5B-6CF8-4DDE-8313-23B98C5F29D7}"
EndProject
Global
	GlobalSection(SolutionConfigurationPlatforms) = preSolution
		Debug|Any CPU = Debug|Any CPU
		Release|Any CPU = Release|Any CPU
	EndGlobalSection
	GlobalSection(ProjectConfigurationPlatforms) = postSolution
		{8CDA53EC-6EDF-4213-BAB3-7092F75ED9DC}.Debug|Any CPU.ActiveCfg = Debug|Any CPU
		{8CDA53EC-6EDF-4213-BAB3-7092F75ED9DC}.Debug|Any CPU.Build.0 = Debug|Any CPU
		{8CDA53EC-6EDF-4213-BAB3-7092F75ED9DC}.Release|Any CPU.ActiveCfg = Release|Any CPU
		{8CDA53EC-6EDF-4213-BAB3-7092F75ED9DC}.Release|Any CPU.Build.0 = Release|Any CPU
		{2ABD4E5B-6CF8-4DDE-8313-23B98C5F29D7}.Debug|Any CPU.ActiveCfg = Debug|Any CPU
		{2ABD4E5B-6CF8-4DDE-8313-23B98C5F29D7}.Debug|Any CPU.Build.0 = Debug|Any CPU
		{2ABD4E5B-6CF8-4DDE-8313-23B98C5F29D7}.Release|Any CPU.ActiveCfg = Release|Any CPU
		{2ABD4E5B-6CF8-4DDE-8313-23B98C5F29D7}.Release|Any CPU.Build.0 = Release|Any CPU
	EndGlobalSection
	GlobalSection(SolutionProperties) = preSolution
		HideSolutionNode = FALSE
	EndGlobalSection
EndGlobal
